
Microsoft Visual Studio Solution File, Format Version 12.00
# Visual Studio 16
Project("{FAE04EC0-301F-11D3-BF4B-00C04F79EFBC}") = "Assembly-CSharp", "Assembly-CSharp.csproj", "{1EAC94DB-9FA0-5C44-FD0C-3D8EA45CAECA}"
EndProject
Project("{FAE04EC0-301F-11D3-BF4B-00C04F79EFBC}") = "Assembly-CSharp-Editor", "Assembly-CSharp-Editor.csproj", "{4D3D0678-D4E7-C3E3-51D5-E4038913300A}"
EndProject
Global
	GlobalSection(SolutionConfigurationPlatforms) = preSolution
		Debug|Any CPU = Debug|Any CPU
		Release|Any CPU = Release|Any CPU
	EndGlobalSection
	GlobalSection(ProjectConfigurationPlatforms) = postSolution
		{1EAC94DB-9FA0-5C44-FD0C-3D8EA45CAECA}.Debug|Any CPU.ActiveCfg = Debug|Any CPU
		{1EAC94DB-9FA0-5C44-FD0C-3D8EA45CAECA}.Debug|Any CPU.Build.0 = Debug|Any CPU
		{1EAC94DB-9FA0-5C44-FD0C-3D8EA45CAECA}.Release|Any CPU.ActiveCfg = Release|Any CPU
		{1EAC94DB-9FA0-5C44-FD0C-3D8EA45CAECA}.Release|Any CPU.Build.0 = Release|Any CPU
		{4D3D0678-D4E7-C3E3-51D5-E4038913300A}.Debug|Any CPU.ActiveCfg = Debug|Any CPU
		{4D3D0678-D4E7-C3E3-51D5-E4038913300A}.Debug|Any CPU.Build.0 = Debug|Any CPU
		{4D3D0678-D4E7-C3E3-51D5-E4038913300A}.Release|Any CPU.ActiveCfg = Release|Any CPU
		{4D3D0678-D4E7-C3E3-51D5-E4038913300A}.Release|Any CPU.Build.0 = Release|Any CPU
	EndGlobalSection
	GlobalSection(SolutionProperties) = preSolution
		HideSolutionNode = FALSE
	EndGlobalSection
EndGlobal
